
Microsoft Visual Studio Solution File, Format Version 12.00
# Visual Studio 15
Project("{FAE04EC0-301F-11D3-BF4B-00C04F79EFBC}") = "StarWars.Android", "StarWars.Android\StarWars.Android.csproj", "{122A3E6B-7E49-4EDF-B719-61D446D7E072}"
EndProject
Project("{FAE04EC0-301F-11D3-BF4B-00C04F79EFBC}") = "StarWars.iOS", "StarWars.iOS\StarWars.iOS.csproj", "{29EF7A58-5A03-479E-956B-F1B48080256D}"
EndProject
Project("{FAE04EC0-301F-11D3-BF4B-00C04F79EFBC}") = "StarWars", "StarWars\StarWars.csproj", "{5CBA84D4-0D72-42E7-91CA-DACBE7A76BD8}"
EndProject
Global
	GlobalSection(SolutionConfigurationPlatforms) = preSolution
		Debug|Any CPU = Debug|Any CPU
		Release|Any CPU = Release|Any CPU
		Debug|iPhoneSimulator = Debug|iPhoneSimulator
		Release|iPhoneSimulator = Release|iPhoneSimulator
		Debug|iPhone = Debug|iPhone
		Release|iPhone = Release|iPhone
	EndGlobalSection
	GlobalSection(ProjectConfigurationPlatforms) = postSolution
		{122A3E6B-7E49-4EDF-B719-61D446D7E072}.Debug|Any CPU.ActiveCfg = Debug|Any CPU
		{122A3E6B-7E49-4EDF-B719-61D446D7E072}.Debug|Any CPU.Build.0 = Debug|Any CPU
		{122A3E6B-7E49-4EDF-B719-61D446D7E072}.Release|Any CPU.ActiveCfg = Release|Any CPU
		{122A3E6B-7E49-4EDF-B719-61D446D7E072}.Release|Any CPU.Build.0 = Release|Any CPU
		{122A3E6B-7E49-4EDF-B719-61D446D7E072}.Debug|iPhoneSimulator.ActiveCfg = Debug|Any CPU
		{122A3E6B-7E49-4EDF-B719-61D446D7E072}.Debug|iPhoneSimulator.Build.0 = Debug|Any CPU
		{122A3E6B-7E49-4EDF-B719-61D446D7E072}.Release|iPhoneSimulator.ActiveCfg = Release|Any CPU
		{122A3E6B-7E49-4EDF-B719-61D446D7E072}.Release|iPhoneSimulator.Build.0 = Release|Any CPU
		{122A3E6B-7E49-4EDF-B719-61D446D7E072}.Debug|iPhone.ActiveCfg = Debug|Any CPU
		{122A3E6B-7E49-4EDF-B719-61D446D7E072}.Debug|iPhone.Build.0 = Debug|Any CPU
		{122A3E6B-7E49-4EDF-B719-61D446D7E072}.Release|iPhone.ActiveCfg = Release|Any CPU
		{122A3E6B-7E49-4EDF-B719-61D446D7E072}.Release|iPhone.Build.0 = Release|Any CPU
		{29EF7A58-5A03-479E-956B-F1B48080256D}.Debug|Any CPU.ActiveCfg = Debug|iPhoneSimulator
		{29EF7A58-5A03-479E-956B-F1B48080256D}.Debug|Any CPU.Build.0 = Debug|iPhoneSimulator
		{29EF7A58-5A03-479E-956B-F1B48080256D}.Release|Any CPU.ActiveCfg = Release|iPhoneSimulator
		{29EF7A58-5A03-479E-956B-F1B48080256D}.Release|Any CPU.Build.0 = Release|iPhoneSimulator
		{29EF7A58-5A03-479E-956B-F1B48080256D}.Debug|iPhoneSimulator.ActiveCfg = Debug|iPhoneSimulator
		{29EF7A58-5A03-479E-956B-F1B48080256D}.Debug|iPhoneSimulator.Build.0 = Debug|iPhoneSimulator
		{29EF7A58-5A03-479E-956B-F1B48080256D}.Release|iPhoneSimulator.ActiveCfg = Release|iPhoneSimulator
		{29EF7A58-5A03-479E-956B-F1B48080256D}.Release|iPhoneSimulator.Build.0 = Release|iPhoneSimulator
		{29EF7A58-5A03-479E-956B-F1B48080256D}.Debug|iPhone.ActiveCfg = Debug|iPhone
		{29EF7A58-5A03-479E-956B-F1B48080256D}.Debug|iPhone.Build.0 = Debug|iPhone
		{29EF7A58-5A03-479E-956B-F1B48080256D}.Release|iPhone.ActiveCfg = Release|iPhone
		{29EF7A58-5A03-479E-956B-F1B48080256D}.Release|iPhone.Build.0 = Release|iPhone
		{5CBA84D4-0D72-42E7-91CA-DACBE7A76BD8}.Debug|Any CPU.ActiveCfg = Debug|Any CPU
		{5CBA84D4-0D72-42E7-91CA-DACBE7A76BD8}.Debug|Any CPU.Build.0 = Debug|Any CPU
		{5CBA84D4-0D72-42E7-91CA-DACBE7A76BD8}.Release|Any CPU.ActiveCfg = Release|Any CPU
		{5CBA84D4-0D72-42E7-91CA-DACBE7A76BD8}.Release|Any CPU.Build.0 = Release|Any CPU
		{5CBA84D4-0D72-42E7-91CA-DACBE7A76BD8}.Debug|iPhoneSimulator.ActiveCfg = Debug|Any CPU
		{5CBA84D4-0D72-42E7-91CA-DACBE7A76BD8}.Debug|iPhoneSimulator.Build.0 = Debug|Any CPU
		{5CBA84D4-0D72-42E7-91CA-DACBE7A76BD8}.Release|iPhoneSimulator.ActiveCfg = Release|Any CPU
		{5CBA84D4-0D72-42E7-91CA-DACBE7A76BD8}.Release|iPhoneSimulator.Build.0 = Release|Any CPU
		{5CBA84D4-0D72-42E7-91CA-DACBE7A76BD8}.Debug|iPhone.ActiveCfg = Debug|Any CPU
		{5CBA84D4-0D72-42E7-91CA-DACBE7A76BD8}.Debug|iPhone.Build.0 = Debug|Any CPU
		{5CBA84D4-0D72-42E7-91CA-DACBE7A76BD8}.Release|iPhone.ActiveCfg = Release|Any CPU
		{5CBA84D4-0D72-42E7-91CA-DACBE7A76BD8}.Release|iPhone.Build.0 = Release|Any CPU
	EndGlobalSection
EndGlobal
